
Microsoft Visual Studio Solution File, Format Version 12.00
Project("{FAE04EC0-301F-11D3-BF4B-00C04F79EFBC}") = "Coffeetariat.UnpopularOpinions.W3", "Coffeetariat.UnpopularOpinions.W3\Coffeetariat.UnpopularOpinions.W3.csproj", "{03FCF531-F0B4-4F46-BCE9-65A480A58E23}"
EndProject
Project("{FAE04EC0-301F-11D3-BF4B-00C04F79EFBC}") = "Coffeetariat.UnpopularOpinions.Database", "Coffeetariat.UnpopularOpinions.Database\Coffeetariat.UnpopularOpinions.Database.csproj", "{CC827C86-EE1D-47BE-AAB9-D1FB5FBBC99C}"
EndProject
Global
	GlobalSection(SolutionConfigurationPlatforms) = preSolution
		Debug|Any CPU = Debug|Any CPU
		Release|Any CPU = Release|Any CPU
	EndGlobalSection
	GlobalSection(ProjectConfigurationPlatforms) = postSolution
		{03FCF531-F0B4-4F46-BCE9-65A480A58E23}.Debug|Any CPU.ActiveCfg = Debug|Any CPU
		{03FCF531-F0B4-4F46-BCE9-65A480A58E23}.Debug|Any CPU.Build.0 = Debug|Any CPU
		{03FCF531-F0B4-4F46-BCE9-65A480A58E23}.Release|Any CPU.ActiveCfg = Release|Any CPU
		{03FCF531-F0B4-4F46-BCE9-65A480A58E23}.Release|Any CPU.Build.0 = Release|Any CPU
		{CC827C86-EE1D-47BE-AAB9-D1FB5FBBC99C}.Debug|Any CPU.ActiveCfg = Debug|Any CPU
		{CC827C86-EE1D-47BE-AAB9-D1FB5FBBC99C}.Debug|Any CPU.Build.0 = Debug|Any CPU
		{CC827C86-EE1D-47BE-AAB9-D1FB5FBBC99C}.Release|Any CPU.ActiveCfg = Release|Any CPU
		{CC827C86-EE1D-47BE-AAB9-D1FB5FBBC99C}.Release|Any CPU.Build.0 = Release|Any CPU
	EndGlobalSection
EndGlobal
